github.com/go-redis/redis v6.15.2+incompatible h1:9SpNVG76gr6InJGxoZ6IuuxaCOQwDAhzyXg+Bs+0Sb4=
github.com/go-redis/redis v6.15.2+incompatible/go.mod h1:NAIEuMOZ/fxfXJIrKDQDz8wamY7mA7PouImQ2Jvg6kA=
github.com/y-yagi/cacher v0.0.0-20190823004322-819ecec6b311 h1:wP58Zie9lVx4YU0R+zAqGFkAfe6mhYsjAQIevZa2omw=
github.com/y-yagi/cacher v0.0.0-20190823004322-819ecec6b311/go.mod h1:0IpzAvQ5UKfxQD4bCFvPKyoyu6/oBWhh5b6NFCNQBjE=
github.com/y-yagi/goext v0.2.0 h1:6UXc9WyuZFNz1mar/ezzmdvObzKRqk3I7tAA+6AcS78=
github.com/y-yagi/goext v0.2.0/go.mod h1:ny3voMiQkmfJ+v/ojY5N9aqzMC1Id3If0BtoVKA9AwQ=
